// !$*UTF8*$!
{
	archiveVersion = 1;
	classes = {
	};
	objectVersion = 52;
	objects = {

/* Begin PBXBuildFile section */
		0A197F9E270ED6980074B690 /* FirebaseAnalytics in Frameworks */ = {isa = PBXBuildFile; productRef = 0A197F9D270ED6980074B690 /* FirebaseAnalytics */; };
		0A197FA0270ED6980074B690 /* FirebaseAuth in Frameworks */ = {isa = PBXBuildFile; productRef = 0A197F9F270ED6980074B690 /* FirebaseAuth */; };
		0A197FA2270ED6980074B690 /* FirebaseDatabase in Frameworks */ = {isa = PBXBuildFile; productRef = 0A197FA1270ED6980074B690 /* FirebaseDatabase */; };
		0A197FA4270ED6980074B690 /* FirebaseStorage in Frameworks */ = {isa = PBXBuildFile; productRef = 0A197FA3270ED6980074B690 /* FirebaseStorage */; };
		0A4093DC2632668C00D50AEE /* ALExt in Frameworks */ = {isa = PBXBuildFile; productRef = 0A4093DB2632668C00D50AEE /* ALExt */; };
		0A4093DF26326CE700D50AEE /* AppModel.swift in Sources */ = {isa = PBXBuildFile; fileRef = 0A4093DE26326CE700D50AEE /* AppModel.swift */; };
		0A4093E226326CF100D50AEE /* WebsiteModel.swift in Sources */ = {isa = PBXBuildFile; fileRef = 0A4093E126326CF100D50AEE /* WebsiteModel.swift */; };
		0A4093EE26328F8A00D50AEE /* ImageHelper.swift in Sources */ = {isa = PBXBuildFile; fileRef = 0A4093ED26328F8900D50AEE /* ImageHelper.swift */; };
		0A904B6127100D820018A090 /* VTabView in Frameworks */ = {isa = PBXBuildFile; productRef = 0A904B6027100D820018A090 /* VTabView */; };
		0A904B63271013860018A090 /* AppCardView.swift in Sources */ = {isa = PBXBuildFile; fileRef = 0A904B62271013860018A090 /* AppCardView.swift */; };
		0A904B65271014300018A090 /* AppPortfolioView.swift in Sources */ = {isa = PBXBuildFile; fileRef = 0A904B64271014300018A090 /* AppPortfolioView.swift */; };
		0A987F2E27101EA80046C4D2 /* MenuView.swift in Sources */ = {isa = PBXBuildFile; fileRef = 0A987F2D27101EA80046C4D2 /* MenuView.swift */; };
		0A987F302710255D0046C4D2 /* WebsiteCardView.swift in Sources */ = {isa = PBXBuildFile; fileRef = 0A987F2F2710255D0046C4D2 /* WebsiteCardView.swift */; };
		0A987F322710256D0046C4D2 /* WebsitePortfolioView.swift in Sources */ = {isa = PBXBuildFile; fileRef = 0A987F312710256D0046C4D2 /* WebsitePortfolioView.swift */; };
		0AC7B26B25EA183F008A3838 /* Delta_Vel_Development_ServicesApp.swift in Sources */ = {isa = PBXBuildFile; fileRef = 0AC7B26A25EA183F008A3838 /* Delta_Vel_Development_ServicesApp.swift */; };
		0AC7B26D25EA183F008A3838 /* ContentView.swift in Sources */ = {isa = PBXBuildFile; fileRef = 0AC7B26C25EA183F008A3838 /* ContentView.swift */; };
		0AC7B26F25EA1841008A3838 /* Assets.xcassets in Resources */ = {isa = PBXBuildFile; fileRef = 0AC7B26E25EA1841008A3838 /* Assets.xcassets */; };
		0AC7B27225EA1841008A3838 /* Preview Assets.xcassets in Resources */ = {isa = PBXBuildFile; fileRef = 0AC7B27125EA1841008A3838 /* Preview Assets.xcassets */; };
		0AC7B27B25EA1882008A3838 /* GoogleService-Info.plist in Resources */ = {isa = PBXBuildFile; fileRef = 0AC7B27A25EA1882008A3838 /* GoogleService-Info.plist */; };
		0ADFAD6F25EA1BA50095B84F /* Portfolio.swift in Sources */ = {isa = PBXBuildFile; fileRef = 0ADFAD6E25EA1BA50095B84F /* Portfolio.swift */; };
/* End PBXBuildFile section */

/* Begin PBXFileReference section */
		0A4093DE26326CE700D50AEE /* AppModel.swift */ = {isa = PBXFileReference; lastKnownFileType = sourcecode.swift; path = AppModel.swift; sourceTree = "<group>"; };
		0A4093E126326CF100D50AEE /* WebsiteModel.swift */ = {isa = PBXFileReference; lastKnownFileType = sourcecode.swift; path = WebsiteModel.swift; sourceTree = "<group>"; };
		0A4093ED26328F8900D50AEE /* ImageHelper.swift */ = {isa = PBXFileReference; lastKnownFileType = sourcecode.swift; path = ImageHelper.swift; sourceTree = "<group>"; };
		0A904B62271013860018A090 /* AppCardView.swift */ = {isa = PBXFileReference; lastKnownFileType = sourcecode.swift; path = AppCardView.swift; sourceTree = "<group>"; };
		0A904B64271014300018A090 /* AppPortfolioView.swift */ = {isa = PBXFileReference; lastKnownFileType = sourcecode.swift; path = AppPortfolioView.swift; sourceTree = "<group>"; };
		0A987F2D27101EA80046C4D2 /* MenuView.swift */ = {isa = PBXFileReference; lastKnownFileType = sourcecode.swift; path = MenuView.swift; sourceTree = "<group>"; };
		0A987F2F2710255D0046C4D2 /* WebsiteCardView.swift */ = {isa = PBXFileReference; lastKnownFileType = sourcecode.swift; path = WebsiteCardView.swift; sourceTree = "<group>"; };
		0A987F312710256D0046C4D2 /* WebsitePortfolioView.swift */ = {isa = PBXFileReference; lastKnownFileType = sourcecode.swift; path = WebsitePortfolioView.swift; sourceTree = "<group>"; };
		0AC7B26725EA183F008A3838 /* Delta Vel Development Services.app */ = {isa = PBXFileReference; explicitFileType = wrapper.application; includeInIndex = 0; path = "Delta Vel Development Services.app"; sourceTree = BUILT_PRODUCTS_DIR; };
		0AC7B26A25EA183F008A3838 /* Delta_Vel_Development_ServicesApp.swift */ = {isa = PBXFileReference; lastKnownFileType = sourcecode.swift; path = Delta_Vel_Development_ServicesApp.swift; sourceTree = "<group>"; };
		0AC7B26C25EA183F008A3838 /* ContentView.swift */ = {isa = PBXFileReference; lastKnownFileType = sourcecode.swift; path = ContentView.swift; sourceTree = "<group>"; };
		0AC7B26E25EA1841008A3838 /* Assets.xcassets */ = {isa = PBXFileReference; lastKnownFileType = folder.assetcatalog; path = Assets.xcassets; sourceTree = "<group>"; };
		0AC7B27125EA1841008A3838 /* Preview Assets.xcassets */ = {isa = PBXFileReference; lastKnownFileType = folder.assetcatalog; path = "Preview Assets.xcassets"; sourceTree = "<group>"; };
		0AC7B27325EA1841008A3838 /* Info.plist */ = {isa = PBXFileReference; lastKnownFileType = text.plist.xml; path = Info.plist; sourceTree = "<group>"; };
		0AC7B27A25EA1882008A3838 /* GoogleService-Info.plist */ = {isa = PBXFileReference; fileEncoding = 4; lastKnownFileType = text.plist.xml; path = "GoogleService-Info.plist"; sourceTree = "<group>"; };
		0ADFAD6E25EA1BA50095B84F /* Portfolio.swift */ = {isa = PBXFileReference; lastKnownFileType = sourcecode.swift; path = Portfolio.swift; sourceTree = "<group>"; };
/* End PBXFileReference section */

/* Begin PBXFrameworksBuildPhase section */
		0AC7B26425EA183F008A3838 /* Frameworks */ = {
			isa = PBXFrameworksBuildPhase;
			buildActionMask = 2147483647;
			files = (
				0A197F9E270ED6980074B690 /* FirebaseAnalytics in Frameworks */,
				0A197FA0270ED6980074B690 /* FirebaseAuth in Frameworks */,
				0A197FA2270ED6980074B690 /* FirebaseDatabase in Frameworks */,
				0A197FA4270ED6980074B690 /* FirebaseStorage in Frameworks */,
				0A904B6127100D820018A090 /* VTabView in Frameworks */,
				0A4093DC2632668C00D50AEE /* ALExt in Frameworks */,
			);
			runOnlyForDeploymentPostprocessing = 0;
		};
/* End PBXFrameworksBuildPhase section */

/* Begin PBXGroup section */
		0A197FA5270EE5F30074B690 /* Helpers */ = {
			isa = PBXGroup;
			children = (
				0A4093ED26328F8900D50AEE /* ImageHelper.swift */,
			);
			path = Helpers;
			sourceTree = "<group>";
		};
		0A4093E426326CF600D50AEE /* Models */ = {
			isa = PBXGroup;
			children = (
				0A4093DE26326CE700D50AEE /* AppModel.swift */,
				0A4093E126326CF100D50AEE /* WebsiteModel.swift */,
			);
			path = Models;
			sourceTree = "<group>";
		};
		0A4093EA263275BE00D50AEE /* Loaders */ = {
			isa = PBXGroup;
			children = (
				0ADFAD6E25EA1BA50095B84F /* Portfolio.swift */,
			);
			path = Loaders;
			sourceTree = "<group>";
		};
		0AC7B25E25EA183F008A3838 = {
			isa = PBXGroup;
			children = (
				0AC7B26925EA183F008A3838 /* Delta Vel Development Services */,
				0AC7B26825EA183F008A3838 /* Products */,
			);
			sourceTree = "<group>";
		};
		0AC7B26825EA183F008A3838 /* Products */ = {
			isa = PBXGroup;
			children = (
				0AC7B26725EA183F008A3838 /* Delta Vel Development Services.app */,
			);
			name = Products;
			sourceTree = "<group>";
		};
		0AC7B26925EA183F008A3838 /* Delta Vel Development Services */ = {
			isa = PBXGroup;
			children = (
				0AC7B26A25EA183F008A3838 /* Delta_Vel_Development_ServicesApp.swift */,
				0AC7B26C25EA183F008A3838 /* ContentView.swift */,
				0A987F2D27101EA80046C4D2 /* MenuView.swift */,
				0A904B64271014300018A090 /* AppPortfolioView.swift */,
				0A904B62271013860018A090 /* AppCardView.swift */,
				0A987F2F2710255D0046C4D2 /* WebsiteCardView.swift */,
				0A987F312710256D0046C4D2 /* WebsitePortfolioView.swift */,
				0A4093E426326CF600D50AEE /* Models */,
				0A4093EA263275BE00D50AEE /* Loaders */,
				0A197FA5270EE5F30074B690 /* Helpers */,
				0AC7B26E25EA1841008A3838 /* Assets.xcassets */,
				0AC7B27325EA1841008A3838 /* Info.plist */,
				0AC7B27A25EA1882008A3838 /* GoogleService-Info.plist */,
				0AC7B27025EA1841008A3838 /* Preview Content */,
			);
			path = "Delta Vel Development Services";
			sourceTree = "<group>";
		};
		0AC7B27025EA1841008A3838 /* Preview Content */ = {
			isa = PBXGroup;
			children = (
				0AC7B27125EA1841008A3838 /* Preview Assets.xcassets */,
			);
			path = "Preview Content";
			sourceTree = "<group>";
		};
/* End PBXGroup section */

/* Begin PBXNativeTarget section */
		0AC7B26625EA183F008A3838 /* Delta Vel Development Services */ = {
			isa = PBXNativeTarget;
			buildConfigurationList = 0AC7B27625EA1841008A3838 /* Build configuration list for PBXNativeTarget "Delta Vel Development Services" */;
			buildPhases = (
				0AC7B26325EA183F008A3838 /* Sources */,
				0AC7B26425EA183F008A3838 /* Frameworks */,
				0AC7B26525EA183F008A3838 /* Resources */,
			);
			buildRules = (
			);
			dependencies = (
			);
			name = "Delta Vel Development Services";
			packageProductDependencies = (
				0A4093DB2632668C00D50AEE /* ALExt */,
				0A197F9D270ED6980074B690 /* FirebaseAnalytics */,
				0A197F9F270ED6980074B690 /* FirebaseAuth */,
				0A197FA1270ED6980074B690 /* FirebaseDatabase */,
				0A197FA3270ED6980074B690 /* FirebaseStorage */,
				0A904B6027100D820018A090 /* VTabView */,
			);
			productName = "Delta Vel Development Services";
			productReference = 0AC7B26725EA183F008A3838 /* Delta Vel Development Services.app */;
			productType = "com.apple.product-type.application";
		};
/* End PBXNativeTarget section */

/* Begin PBXProject section */
		0AC7B25F25EA183F008A3838 /* Project object */ = {
			isa = PBXProject;
			attributes = {
				LastSwiftUpdateCheck = 1240;
				LastUpgradeCheck = 1240;
				TargetAttributes = {
					0AC7B26625EA183F008A3838 = {
						CreatedOnToolsVersion = 12.4;
					};
				};
			};
			buildConfigurationList = 0AC7B26225EA183F008A3838 /* Build configuration list for PBXProject "Delta Vel Development Services" */;
			compatibilityVersion = "Xcode 9.3";
			developmentRegion = en;
			hasScannedForEncodings = 0;
			knownRegions = (
				en,
				Base,
			);
			mainGroup = 0AC7B25E25EA183F008A3838;
			packageReferences = (
				0A4093DA2632668B00D50AEE /* XCRemoteSwiftPackageReference "ALExt" */,
				0A197F9C270ED6980074B690 /* XCRemoteSwiftPackageReference "firebase-ios-sdk" */,
				0A904B5F27100D820018A090 /* XCRemoteSwiftPackageReference "SwiftUI-VerticalTabView" */,
			);
			productRefGroup = 0AC7B26825EA183F008A3838 /* Products */;
			projectDirPath = "";
			projectRoot = "";
			targets = (
				0AC7B26625EA183F008A3838 /* Delta Vel Development Services */,
			);
		};
/* End PBXProject section */

/* Begin PBXResourcesBuildPhase section */
		0AC7B26525EA183F008A3838 /* Resources */ = {
			isa = PBXResourcesBuildPhase;
			buildActionMask = 2147483647;
			files = (
				0AC7B27225EA1841008A3838 /* Preview Assets.xcassets in Resources */,
				0AC7B26F25EA1841008A3838 /* Assets.xcassets in Resources */,
				0AC7B27B25EA1882008A3838 /* GoogleService-Info.plist in Resources */,
			);
			runOnlyForDeploymentPostprocessing = 0;
		};
/* End PBXResourcesBuildPhase section */

/* Begin PBXSourcesBuildPhase section */
		0AC7B26325EA183F008A3838 /* Sources */ = {
			isa = PBXSourcesBuildPhase;
			buildActionMask = 2147483647;
			files = (
				0A4093E226326CF100D50AEE /* WebsiteModel.swift in Sources */,
				0A904B63271013860018A090 /* AppCardView.swift in Sources */,
				0A987F302710255D0046C4D2 /* WebsiteCardView.swift in Sources */,
				0ADFAD6F25EA1BA50095B84F /* Portfolio.swift in Sources */,
				0A904B65271014300018A090 /* AppPortfolioView.swift in Sources */,
				0A987F2E27101EA80046C4D2 /* MenuView.swift in Sources */,
				0A987F322710256D0046C4D2 /* WebsitePortfolioView.swift in Sources */,
				0A4093DF26326CE700D50AEE /* AppModel.swift in Sources */,
				0AC7B26D25EA183F008A3838 /* ContentView.swift in Sources */,
				0AC7B26B25EA183F008A3838 /* Delta_Vel_Development_ServicesApp.swift in Sources */,
				0A4093EE26328F8A00D50AEE /* ImageHelper.swift in Sources */,
			);
			runOnlyForDeploymentPostprocessing = 0;
		};
/* End PBXSourcesBuildPhase section */

/* Begin XCBuildConfiguration section */
		0AC7B27425EA1841008A3838 /* Debug */ = {
			isa = XCBuildConfiguration;
			buildSettings = {
				ALWAYS_SEARCH_USER_PATHS = NO;
				CLANG_ANALYZER_NONNULL = YES;
				CLANG_ANALYZER_NUMBER_OBJECT_CONVERSION = YES_AGGRESSIVE;
				CLANG_CXX_LANGUAGE_STANDARD = "gnu++14";
				CLANG_CXX_LIBRARY = "libc++";
				CLANG_ENABLE_MODULES = YES;
				CLANG_ENABLE_OBJC_ARC = YES;
				CLANG_ENABLE_OBJC_WEAK = YES;
				CLANG_WARN_BLOCK_CAPTURE_AUTORELEASING = YES;
				CLANG_WARN_BOOL_CONVERSION = YES;
				CLANG_WARN_COMMA = YES;
				CLANG_WARN_CONSTANT_CONVERSION = YES;
				CLANG_WARN_DEPRECATED_OBJC_IMPLEMENTATIONS = YES;
				CLANG_WARN_DIRECT_OBJC_ISA_USAGE = YES_ERROR;
				CLANG_WARN_DOCUMENTATION_COMMENTS = YES;
				CLANG_WARN_EMPTY_BODY = YES;
				CLANG_WARN_ENUM_CONVERSION = YES;
				CLANG_WARN_INFINITE_RECURSION = YES;
				CLANG_WARN_INT_CONVERSION = YES;
				CLANG_WARN_NON_LITERAL_NULL_CONVERSION = YES;
				CLANG_WARN_OBJC_IMPLICIT_RETAIN_SELF = YES;
				CLANG_WARN_OBJC_LITERAL_CONVERSION = YES;
				CLANG_WARN_OBJC_ROOT_CLASS = YES_ERROR;
				CLANG_WARN_QUOTED_INCLUDE_IN_FRAMEWORK_HEADER = YES;
				CLANG_WARN_RANGE_LOOP_ANALYSIS = YES;
				CLANG_WARN_STRICT_PROTOTYPES = YES;
				CLANG_WARN_SUSPICIOUS_MOVE = YES;
				CLANG_WARN_UNGUARDED_AVAILABILITY = YES_AGGRESSIVE;
				CLANG_WARN_UNREACHABLE_CODE = YES;
				CLANG_WARN__DUPLICATE_METHOD_MATCH = YES;
				COPY_PHASE_STRIP = NO;
				DEBUG_INFORMATION_FORMAT = dwarf;
				ENABLE_STRICT_OBJC_MSGSEND = YES;
				ENABLE_TESTABILITY = YES;
				GCC_C_LANGUAGE_STANDARD = gnu11;
				GCC_DYNAMIC_NO_PIC = NO;
				GCC_NO_COMMON_BLOCKS = YES;
				GCC_OPTIMIZATION_LEVEL = 0;
				GCC_PREPROCESSOR_DEFINITIONS = (
					"DEBUG=1",
					"$(inherited)",
				);
				GCC_WARN_64_TO_32_BIT_CONVERSION = YES;
				GCC_WARN_ABOUT_RETURN_TYPE = YES_ERROR;
				GCC_WARN_UNDECLARED_SELECTOR = YES;
				GCC_WARN_UNINITIALIZED_AUTOS = YES_AGGRESSIVE;
				GCC_WARN_UNUSED_FUNCTION = YES;
				GCC_WARN_UNUSED_VARIABLE = YES;
				IPHONEOS_DEPLOYMENT_TARGET = 14.4;
				MTL_ENABLE_DEBUG_INFO = INCLUDE_SOURCE;
				MTL_FAST_MATH = YES;
				ONLY_ACTIVE_ARCH = YES;
				SDKROOT = iphoneos;
				SWIFT_ACTIVE_COMPILATION_CONDITIONS = DEBUG;
				SWIFT_OPTIMIZATION_LEVEL = "-Onone";
			};
			name = Debug;
		};
		0AC7B27525EA1841008A3838 /* Release */ = {
			isa = XCBuildConfiguration;
			buildSettings = {
				ALWAYS_SEARCH_USER_PATHS = NO;
				CLANG_ANALYZER_NONNULL = YES;
				CLANG_ANALYZER_NUMBER_OBJECT_CONVERSION = YES_AGGRESSIVE;
				CLANG_CXX_LANGUAGE_STANDARD = "gnu++14";
				CLANG_CXX_LIBRARY = "libc++";
				CLANG_ENABLE_MODULES = YES;
				CLANG_ENABLE_OBJC_ARC = YES;
				CLANG_ENABLE_OBJC_WEAK = YES;
				CLANG_WARN_BLOCK_CAPTURE_AUTORELEASING = YES;
				CLANG_WARN_BOOL_CONVERSION = YES;
				CLANG_WARN_COMMA = YES;
				CLANG_WARN_CONSTANT_CONVERSION = YES;
				CLANG_WARN_DEPRECATED_OBJC_IMPLEMENTATIONS = YES;
				CLANG_WARN_DIRECT_OBJC_ISA_USAGE = YES_ERROR;
				CLANG_WARN_DOCUMENTATION_COMMENTS = YES;
				CLANG_WARN_EMPTY_BODY = YES;
				CLANG_WARN_ENUM_CONVERSION = YES;
				CLANG_WARN_INFINITE_RECURSION = YES;
				CLANG_WARN_INT_CONVERSION = YES;
				CLANG_WARN_NON_LITERAL_NULL_CONVERSION = YES;
				CLANG_WARN_OBJC_IMPLICIT_RETAIN_SELF = YES;
				CLANG_WARN_OBJC_LITERAL_CONVERSION = YES;
				CLANG_WARN_OBJC_ROOT_CLASS = YES_ERROR;
				CLANG_WARN_QUOTED_INCLUDE_IN_FRAMEWORK_HEADER = YES;
				CLANG_WARN_RANGE_LOOP_ANALYSIS = YES;
				CLANG_WARN_STRICT_PROTOTYPES = YES;
				CLANG_WARN_SUSPICIOUS_MOVE = YES;
				CLANG_WARN_UNGUARDED_AVAILABILITY = YES_AGGRESSIVE;
				CLANG_WARN_UNREACHABLE_CODE = YES;
				CLANG_WARN__DUPLICATE_METHOD_MATCH = YES;
				COPY_PHASE_STRIP = NO;
				DEBUG_INFORMATION_FORMAT = "dwarf-with-dsym";
				ENABLE_NS_ASSERTIONS = NO;
				ENABLE_STRICT_OBJC_MSGSEND = YES;
				GCC_C_LANGUAGE_STANDARD = gnu11;
				GCC_NO_COMMON_BLOCKS = YES;
				GCC_WARN_64_TO_32_BIT_CONVERSION = YES;
				GCC_WARN_ABOUT_RETURN_TYPE = YES_ERROR;
				GCC_WARN_UNDECLARED_SELECTOR = YES;
				GCC_WARN_UNINITIALIZED_AUTOS = YES_AGGRESSIVE;
				GCC_WARN_UNUSED_FUNCTION = YES;
				GCC_WARN_UNUSED_VARIABLE = YES;
				IPHONEOS_DEPLOYMENT_TARGET = 14.4;
				MTL_ENABLE_DEBUG_INFO = NO;
				MTL_FAST_MATH = YES;
				SDKROOT = iphoneos;
				SWIFT_COMPILATION_MODE = wholemodule;
				SWIFT_OPTIMIZATION_LEVEL = "-O";
				VALIDATE_PRODUCT = YES;
			};
			name = Release;
		};
		0AC7B27725EA1841008A3838 /* Debug */ = {
			isa = XCBuildConfiguration;
			buildSettings = {
				ASSETCATALOG_COMPILER_APPICON_NAME = AppIcon;
				ASSETCATALOG_COMPILER_GLOBAL_ACCENT_COLOR_NAME = AccentColor;
				CODE_SIGN_STYLE = Automatic;
				DEVELOPMENT_ASSET_PATHS = "\"Delta Vel Development Services/Preview Content\"";
				DEVELOPMENT_TEAM = VZ4LX93GR9;
				ENABLE_PREVIEWS = YES;
				INFOPLIST_FILE = "Delta Vel Development Services/Info.plist";
				IPHONEOS_DEPLOYMENT_TARGET = 14.0;
				LD_RUNPATH_SEARCH_PATHS = (
					"$(inherited)",
					"@executable_path/Frameworks",
				);
				PRODUCT_BUNDLE_IDENTIFIER = "com.deltavel.Delta-Vel-Development-Services";
				PRODUCT_NAME = "$(TARGET_NAME)";
				SWIFT_VERSION = 5.0;
				TARGETED_DEVICE_FAMILY = "1,2";
			};
			name = Debug;
		};
		0AC7B27825EA1841008A3838 /* Release */ = {
			isa = XCBuildConfiguration;
			buildSettings = {
				ASSETCATALOG_COMPILER_APPICON_NAME = AppIcon;
				ASSETCATALOG_COMPILER_GLOBAL_ACCENT_COLOR_NAME = AccentColor;
				CODE_SIGN_STYLE = Automatic;
				DEVELOPMENT_ASSET_PATHS = "\"Delta Vel Development Services/Preview Content\"";
				DEVELOPMENT_TEAM = VZ4LX93GR9;
				ENABLE_PREVIEWS = YES;
				INFOPLIST_FILE = "Delta Vel Development Services/Info.plist";
				IPHONEOS_DEPLOYMENT_TARGET = 14.0;
				LD_RUNPATH_SEARCH_PATHS = (
					"$(inherited)",
					"@executable_path/Frameworks",
				);
				PRODUCT_BUNDLE_IDENTIFIER = "com.deltavel.Delta-Vel-Development-Services";
				PRODUCT_NAME = "$(TARGET_NAME)";
				SWIFT_VERSION = 5.0;
				TARGETED_DEVICE_FAMILY = "1,2";
			};
			name = Release;
		};
/* End XCBuildConfiguration section */

/* Begin XCConfigurationList section */
		0AC7B26225EA183F008A3838 /* Build configuration list for PBXProject "Delta Vel Development Services" */ = {
			isa = XCConfigurationList;
			buildConfigurations = (
				0AC7B27425EA1841008A3838 /* Debug */,
				0AC7B27525EA1841008A3838 /* Release */,
			);
			defaultConfigurationIsVisible = 0;
			defaultConfigurationName = Release;
		};
		0AC7B27625EA1841008A3838 /* Build configuration list for PBXNativeTarget "Delta Vel Development Services" */ = {
			isa = XCConfigurationList;
			buildConfigurations = (
				0AC7B27725EA1841008A3838 /* Debug */,
				0AC7B27825EA1841008A3838 /* Release */,
			);
			defaultConfigurationIsVisible = 0;
			defaultConfigurationName = Release;
		};
/* End XCConfigurationList section */

/* Begin XCRemoteSwiftPackageReference section */
		0A197F9C270ED6980074B690 /* XCRemoteSwiftPackageReference "firebase-ios-sdk" */ = {
			isa = XCRemoteSwiftPackageReference;
			repositoryURL = "https://github.com/firebase/firebase-ios-sdk.git";
			requirement = {
				branch = master;
				kind = branch;
			};
		};
		0A4093DA2632668B00D50AEE /* XCRemoteSwiftPackageReference "ALExt" */ = {
			isa = XCRemoteSwiftPackageReference;
			repositoryURL = "https://github.com/alexander480/ALExt.git";
			requirement = {
				kind = upToNextMajorVersion;
				minimumVersion = 1.0.9;
			};
		};
		0A904B5F27100D820018A090 /* XCRemoteSwiftPackageReference "SwiftUI-VerticalTabView" */ = {
			isa = XCRemoteSwiftPackageReference;
			repositoryURL = "https://github.com/lorenzofiamingo/SwiftUI-VerticalTabView";
			requirement = {
				kind = upToNextMajorVersion;
				minimumVersion = 1.0.0;
			};
		};
/* End XCRemoteSwiftPackageReference section */

/* Begin XCSwiftPackageProductDependency section */
		0A197F9D270ED6980074B690 /* FirebaseAnalytics */ = {
			isa = XCSwiftPackageProductDependency;
			package = 0A197F9C270ED6980074B690 /* XCRemoteSwiftPackageReference "firebase-ios-sdk" */;
			productName = FirebaseAnalytics;
		};
		0A197F9F270ED6980074B690 /* FirebaseAuth */ = {
			isa = XCSwiftPackageProductDependency;
			package = 0A197F9C270ED6980074B690 /* XCRemoteSwiftPackageReference "firebase-ios-sdk" */;
			productName = FirebaseAuth;
		};
		0A197FA1270ED6980074B690 /* FirebaseDatabase */ = {
			isa = XCSwiftPackageProductDependency;
			package = 0A197F9C270ED6980074B690 /* XCRemoteSwiftPackageReference "firebase-ios-sdk" */;
			productName = FirebaseDatabase;
		};
		0A197FA3270ED6980074B690 /* FirebaseStorage */ = {
			isa = XCSwiftPackageProductDependency;
			package = 0A197F9C270ED6980074B690 /* XCRemoteSwiftPackageReference "firebase-ios-sdk" */;
			productName = FirebaseStorage;
		};
		0A4093DB2632668C00D50AEE /* ALExt */ = {
			isa = XCSwiftPackageProductDependency;
			package = 0A4093DA2632668B00D50AEE /* XCRemoteSwiftPackageReference "ALExt" */;
			productName = ALExt;
		};
		0A904B6027100D820018A090 /* VTabView */ = {
			isa = XCSwiftPackageProductDependency;
			package = 0A904B5F27100D820018A090 /* XCRemoteSwiftPackageReference "SwiftUI-VerticalTabView" */;
			productName = VTabView;
		};
/* End XCSwiftPackageProductDependency section */
	};
	rootObject = 0AC7B25F25EA183F008A3838 /* Project object */;
}
